
Microsoft Visual Studio Solution File, Format Version 12.00
# Visual Studio Version 17
VisualStudioVersion = 17.14.36623.8 d17.14
MinimumVisualStudioVersion = 10.0.40219.1
Project("{FAE04EC0-301F-11D3-BF4B-00C04F79EFBC}") = "ViewsGestionDeProductos", "ViewsGestionDeProductos.csproj", "{BD457859-9099-4156-ABFB-9B9F48BA8988}"
EndProject
Project("{2150E333-8FDC-42A3-9474-1A3956D46DE8}") = "Views", "Views", "{02EA681E-C7D8-13C7-8484-4AC65E1B71E8}"
EndProject
Global
	GlobalSection(SolutionConfigurationPlatforms) = preSolution
		Debug|Any CPU = Debug|Any CPU
		Release|Any CPU = Release|Any CPU
	EndGlobalSection
	GlobalSection(ProjectConfigurationPlatforms) = postSolution
		{BD457859-9099-4156-ABFB-9B9F48BA8988}.Debug|Any CPU.ActiveCfg = Debug|Any CPU
		{BD457859-9099-4156-ABFB-9B9F48BA8988}.Debug|Any CPU.Build.0 = Debug|Any CPU
		{BD457859-9099-4156-ABFB-9B9F48BA8988}.Release|Any CPU.ActiveCfg = Release|Any CPU
		{BD457859-9099-4156-ABFB-9B9F48BA8988}.Release|Any CPU.Build.0 = Release|Any CPU
	EndGlobalSection
	GlobalSection(SolutionProperties) = preSolution
		HideSolutionNode = FALSE
	EndGlobalSection
	GlobalSection(ExtensibilityGlobals) = postSolution
		SolutionGuid = {7BAC9E01-390D-445B-873F-720735CD9FC5}
	EndGlobalSection
EndGlobal
